<Solution>
  <Configurations>
    <BuildType Name="Debug" />
    <BuildType Name="DEBUG_SG" />
    <BuildType Name="Release" />
  </Configurations>
  <Folder Name="/Generals/">
    <File Path="PLAN.md" />
    <Folder Name="/docs/" />
  </Folder>
  <Folder Name="/Generators/" />
  <Folder Name="/Samples/">
    <File Path="samples/Directory.Build.props" />
    <File Path="samples/README.md" />
    <Project Path="samples/Chat/Chat.csproj" />
  </Folder>
  <Folder Name="/Samples/Jobs/">
    <Project Path="samples/Jobs/Jobs.Agent/Jobs.Agent.csproj" />
    <Project Path="samples/Jobs/Jobs.Cli/Jobs.Cli.csproj" />
    <Project Path="samples/Jobs/Jobs.Contracts/Jobs.Contracts.csproj" />
  </Folder>
  <Folder Name="/Generators/Shared/">
    <File Path="SourceCrafter.LiteSpeedLink.Helpers/Generator.props" />
    <File Path="SourceCrafter.LiteSpeedLink.Helpers/Helpers.cs" />
    <File Path="SourceCrafter.LiteSpeedLink.Helpers/ServiceHandlers.Pipelines.cs" />
    <File Path="SourceCrafter.LiteSpeedLink.Helpers/ServiceHandlers.Raw.cs" />
    <File Path="SourceCrafter.LiteSpeedLink.Helpers/ServiceHandlersGenerator.cs" />
  </Folder>
  <Folder Name="/test/" />
  <Folder Name="/test/POC/">
    <Project Path="test/POC/RetryPolicyIsolated/RetryPolicyIsolated.csproj">
      <BuildType Solution="DEBUG_SG|*" Project="Debug" />
    </Project>
  </Folder>
  <Folder Name="/Tests/">
    <Project Path="Application.Contracts/Application.Contracts.csproj" />
    <Project Path="LiteSpeedLink.Benchmarks/LiteSpeedLink.Benchmarks.csproj" />
    <Project Path="LiteSpeedLink.Tests/LiteSpeedLink.Tests.csproj" />
    <Project Path="LiteSpeedLink/LiteSpeedLink.csproj" />
    <Project Path="test/POC/AuthRetryPoc/AuthRetryPoc.csproj">
      <BuildType Solution="DEBUG_SG|*" Project="Debug" />
    </Project>
    <Project Path="test/POC/PipelineWrapperPoc/PipelineWrapperPoc.csproj">
      <BuildType Solution="DEBUG_SG|*" Project="Debug" />
    </Project>
  </Folder>
  <Folder Name="/Workspace/">
    <Project Path="external/SharedMemory/SharedMemory/SharedMemory.csproj" />
    <Project Path="LiteSpeedLink.Abstractions/LiteSpeedLink.Abstractions.csproj" />
    <Project Path="SourceCrafter.LiteSpeedLink.Client/SourceCrafter.LiteSpeedLink.Client.csproj" />
    <Project Path="SourceCrafter.LiteSpeedLink.ClientGenerator/SourceCrafter.LiteSpeedLink.ClientGenerator.csproj" />
    <Project Path="SourceCrafter.LiteSpeedLink.ServerGenerator/SourceCrafter.LiteSpeedLink.ServerGenerator.csproj" />
    <Project Path="SourceCrafter.LiteSpeedLink.Core/SourceCrafter.LiteSpeedLink.Core.csproj" />
    <Project Path="SourceCrafter.LiteSpeedLink.Server/SourceCrafter.LiteSpeedLink.Server.csproj" />
  </Folder>
</Solution>
