<Solution>
  <Configurations>
    <BuildType Name="Debug" />
    <BuildType Name="DEBUG_SG" />
    <BuildType Name="Release" />
  </Configurations>
  <Folder Name="/General/" />
  <Folder Name="/Tests/">
    <Project Path="Application.Contracts/Application.Contracts.csproj" />
    <Project Path="LiteSpeedLink.Tests/LiteSpeedLink.Tests.csproj" />
    <Project Path="LiteSpeedLink/LiteSpeedLink.csproj" />
  </Folder>
  <Folder Name="/Workspace/">
    <Project Path="D:\Code\SourceCrafter.DependencyInjection\SharedMemory\SharedMemory\SharedMemory.csproj" />
    <Project Path="LiteSpeedLink.Abstractions/LiteSpeedLink.Abstractions.csproj" />
    <Project Path="SourceCrafter.LiteSpeedLink.Client/SourceCrafter.LiteSpeedLink.Client.csproj" />
    <Project Path="SourceCrafter.LiteSpeedLink.Helpers/SourceCrafter.LiteSpeedLink.Helpers.csproj" />
    <Project Path="SourceCrafter.LiteSpeedLink.Server/SourceCrafter.LiteSpeedLink.Server.csproj" />
  </Folder>
</Solution>
